// !$*UTF8*$!
{
	archiveVersion = 1;
	classes = {
	};
	objectVersion = 50;
	objects = {

/* Begin PBXBuildFile section */
		70167DA52232BAA90069F016 /* CollegiateDictionary.swift in Sources */ = {isa = PBXBuildFile; fileRef = 70167DA42232BAA90069F016 /* CollegiateDictionary.swift */; };
		70167DA72232BC830069F016 /* Learner'sDictionary.swift in Sources */ = {isa = PBXBuildFile; fileRef = 70167DA62232BC830069F016 /* Learner'sDictionary.swift */; };
		705A9A412232A1D000A31C4D /* blank.wav in Resources */ = {isa = PBXBuildFile; fileRef = 705A9A402232A1CF00A31C4D /* blank.wav */; };
		7063B7292229648B00D0043D /* AppDelegate.swift in Sources */ = {isa = PBXBuildFile; fileRef = 7063B7282229648B00D0043D /* AppDelegate.swift */; };
		7063B72B2229648B00D0043D /* ViewController.swift in Sources */ = {isa = PBXBuildFile; fileRef = 7063B72A2229648B00D0043D /* ViewController.swift */; };
		7063B72D2229648C00D0043D /* Assets.xcassets in Resources */ = {isa = PBXBuildFile; fileRef = 7063B72C2229648C00D0043D /* Assets.xcassets */; };
		7063B7302229648C00D0043D /* Main.storyboard in Resources */ = {isa = PBXBuildFile; fileRef = 7063B72E2229648C00D0043D /* Main.storyboard */; };
		7063B73922296BEC00D0043D /* Audio.swift in Sources */ = {isa = PBXBuildFile; fileRef = 7063B73822296BEC00D0043D /* Audio.swift */; };
		7063B73B222970ED00D0043D /* Network.swift in Sources */ = {isa = PBXBuildFile; fileRef = 7063B73A222970ED00D0043D /* Network.swift */; };
		709AE9C62229FB130072A2F9 /* URL+Temporary.swift in Sources */ = {isa = PBXBuildFile; fileRef = 709AE9C52229FB130072A2F9 /* URL+Temporary.swift */; };
		70D936ED79F6A42E66EAF49E /* Pods_Pronunciation_Generator.framework in Frameworks */ = {isa = PBXBuildFile; fileRef = 3C7DA522A418D25F9FEA0A7C /* Pods_Pronunciation_Generator.framework */; };
/* End PBXBuildFile section */

/* Begin PBXFileReference section */
		2F6EFD0A462642B7833AB44D /* Pods-Pronunciation Generator.release.xcconfig */ = {isa = PBXFileReference; includeInIndex = 1; lastKnownFileType = text.xcconfig; name = "Pods-Pronunciation Generator.release.xcconfig"; path = "Pods/Target Support Files/Pods-Pronunciation Generator/Pods-Pronunciation Generator.release.xcconfig"; sourceTree = "<group>"; };
		3C7DA522A418D25F9FEA0A7C /* Pods_Pronunciation_Generator.framework */ = {isa = PBXFileReference; explicitFileType = wrapper.framework; includeInIndex = 0; path = Pods_Pronunciation_Generator.framework; sourceTree = BUILT_PRODUCTS_DIR; };
		70167DA42232BAA90069F016 /* CollegiateDictionary.swift */ = {isa = PBXFileReference; lastKnownFileType = sourcecode.swift; path = CollegiateDictionary.swift; sourceTree = "<group>"; };
		70167DA62232BC830069F016 /* Learner'sDictionary.swift */ = {isa = PBXFileReference; lastKnownFileType = sourcecode.swift; path = "Learner'sDictionary.swift"; sourceTree = "<group>"; };
		705A9A402232A1CF00A31C4D /* blank.wav */ = {isa = PBXFileReference; lastKnownFileType = audio.wav; name = blank.wav; path = ../../../Downloads/blank.wav; sourceTree = "<group>"; };
		7063B7252229648B00D0043D /* Pronunciation Generator.app */ = {isa = PBXFileReference; explicitFileType = wrapper.application; includeInIndex = 0; path = "Pronunciation Generator.app"; sourceTree = BUILT_PRODUCTS_DIR; };
		7063B7282229648B00D0043D /* AppDelegate.swift */ = {isa = PBXFileReference; lastKnownFileType = sourcecode.swift; path = AppDelegate.swift; sourceTree = "<group>"; };
		7063B72A2229648B00D0043D /* ViewController.swift */ = {isa = PBXFileReference; lastKnownFileType = sourcecode.swift; path = ViewController.swift; sourceTree = "<group>"; };
		7063B72C2229648C00D0043D /* Assets.xcassets */ = {isa = PBXFileReference; lastKnownFileType = folder.assetcatalog; path = Assets.xcassets; sourceTree = "<group>"; };
		7063B72F2229648C00D0043D /* Base */ = {isa = PBXFileReference; lastKnownFileType = file.storyboard; name = Base; path = Base.lproj/Main.storyboard; sourceTree = "<group>"; };
		7063B7312229648C00D0043D /* Info.plist */ = {isa = PBXFileReference; lastKnownFileType = text.plist.xml; path = Info.plist; sourceTree = "<group>"; };
		7063B7322229648C00D0043D /* Pronunciation_Generator.entitlements */ = {isa = PBXFileReference; lastKnownFileType = text.plist.entitlements; path = Pronunciation_Generator.entitlements; sourceTree = "<group>"; };
		7063B73822296BEC00D0043D /* Audio.swift */ = {isa = PBXFileReference; lastKnownFileType = sourcecode.swift; path = Audio.swift; sourceTree = "<group>"; };
		7063B73A222970ED00D0043D /* Network.swift */ = {isa = PBXFileReference; lastKnownFileType = sourcecode.swift; path = Network.swift; sourceTree = "<group>"; };
		709AE9C4222978AE0072A2F9 /* Pronunciation Generator.entitlements */ = {isa = PBXFileReference; lastKnownFileType = text.plist.entitlements; path = "Pronunciation Generator.entitlements"; sourceTree = "<group>"; };
		709AE9C52229FB130072A2F9 /* URL+Temporary.swift */ = {isa = PBXFileReference; lastKnownFileType = sourcecode.swift; path = "URL+Temporary.swift"; sourceTree = "<group>"; };
		AFE44CD2145EE061FDAE542E /* Pods-Pronunciation Generator.debug.xcconfig */ = {isa = PBXFileReference; includeInIndex = 1; lastKnownFileType = text.xcconfig; name = "Pods-Pronunciation Generator.debug.xcconfig"; path = "Pods/Target Support Files/Pods-Pronunciation Generator/Pods-Pronunciation Generator.debug.xcconfig"; sourceTree = "<group>"; };
/* End PBXFileReference section */

/* Begin PBXFrameworksBuildPhase section */
		7063B7222229648B00D0043D /* Frameworks */ = {
			isa = PBXFrameworksBuildPhase;
			buildActionMask = 2147483647;
			files = (
				70D936ED79F6A42E66EAF49E /* Pods_Pronunciation_Generator.framework in Frameworks */,
			);
			runOnlyForDeploymentPostprocessing = 0;
		};
/* End PBXFrameworksBuildPhase section */

/* Begin PBXGroup section */
		43996DE668B1E5651B6E2FC6 /* Frameworks */ = {
			isa = PBXGroup;
			children = (
				3C7DA522A418D25F9FEA0A7C /* Pods_Pronunciation_Generator.framework */,
			);
			name = Frameworks;
			sourceTree = "<group>";
		};
		7063B71C2229648B00D0043D = {
			isa = PBXGroup;
			children = (
				7063B7272229648B00D0043D /* Pronunciation Generator */,
				7063B7262229648B00D0043D /* Products */,
				C77908DA800A418C03B8D3CB /* Pods */,
				43996DE668B1E5651B6E2FC6 /* Frameworks */,
			);
			sourceTree = "<group>";
		};
		7063B7262229648B00D0043D /* Products */ = {
			isa = PBXGroup;
			children = (
				7063B7252229648B00D0043D /* Pronunciation Generator.app */,
			);
			name = Products;
			sourceTree = "<group>";
		};
		7063B7272229648B00D0043D /* Pronunciation Generator */ = {
			isa = PBXGroup;
			children = (
				709AE9C4222978AE0072A2F9 /* Pronunciation Generator.entitlements */,
				7063B7282229648B00D0043D /* AppDelegate.swift */,
				70167DA42232BAA90069F016 /* CollegiateDictionary.swift */,
				70167DA62232BC830069F016 /* Learner'sDictionary.swift */,
				7063B73A222970ED00D0043D /* Network.swift */,
				705A9A402232A1CF00A31C4D /* blank.wav */,
				709AE9C52229FB130072A2F9 /* URL+Temporary.swift */,
				7063B73822296BEC00D0043D /* Audio.swift */,
				7063B72A2229648B00D0043D /* ViewController.swift */,
				7063B72C2229648C00D0043D /* Assets.xcassets */,
				7063B72E2229648C00D0043D /* Main.storyboard */,
				7063B7312229648C00D0043D /* Info.plist */,
				7063B7322229648C00D0043D /* Pronunciation_Generator.entitlements */,
			);
			path = "Pronunciation Generator";
			sourceTree = "<group>";
		};
		C77908DA800A418C03B8D3CB /* Pods */ = {
			isa = PBXGroup;
			children = (
				AFE44CD2145EE061FDAE542E /* Pods-Pronunciation Generator.debug.xcconfig */,
				2F6EFD0A462642B7833AB44D /* Pods-Pronunciation Generator.release.xcconfig */,
			);
			name = Pods;
			sourceTree = "<group>";
		};
/* End PBXGroup section */

/* Begin PBXNativeTarget section */
		7063B7242229648B00D0043D /* Pronunciation Generator */ = {
			isa = PBXNativeTarget;
			buildConfigurationList = 7063B7352229648C00D0043D /* Build configuration list for PBXNativeTarget "Pronunciation Generator" */;
			buildPhases = (
				2784E9578C7D0DB9281DA137 /* [CP] Check Pods Manifest.lock */,
				7063B7212229648B00D0043D /* Sources */,
				7063B7222229648B00D0043D /* Frameworks */,
				7063B7232229648B00D0043D /* Resources */,
				4642693B1B4666B11D8D2FD0 /* [CP] Embed Pods Frameworks */,
			);
			buildRules = (
			);
			dependencies = (
			);
			name = "Pronunciation Generator";
			productName = "Pronunciation Generator";
			productReference = 7063B7252229648B00D0043D /* Pronunciation Generator.app */;
			productType = "com.apple.product-type.application";
		};
/* End PBXNativeTarget section */

/* Begin PBXProject section */
		7063B71D2229648B00D0043D /* Project object */ = {
			isa = PBXProject;
			attributes = {
				LastSwiftUpdateCheck = 1010;
				LastUpgradeCheck = 1010;
				ORGANIZATIONNAME = CaptainYukinoshitaHachiman;
				TargetAttributes = {
					7063B7242229648B00D0043D = {
						CreatedOnToolsVersion = 10.1;
						SystemCapabilities = {
							com.apple.HardenedRuntime = {
								enabled = 0;
							};
							com.apple.Sandbox = {
								enabled = 1;
							};
						};
					};
				};
			};
			buildConfigurationList = 7063B7202229648B00D0043D /* Build configuration list for PBXProject "Pronunciation Generator" */;
			compatibilityVersion = "Xcode 9.3";
			developmentRegion = en;
			hasScannedForEncodings = 0;
			knownRegions = (
				en,
				Base,
			);
			mainGroup = 7063B71C2229648B00D0043D;
			productRefGroup = 7063B7262229648B00D0043D /* Products */;
			projectDirPath = "";
			projectRoot = "";
			targets = (
				7063B7242229648B00D0043D /* Pronunciation Generator */,
			);
		};
/* End PBXProject section */

/* Begin PBXResourcesBuildPhase section */
		7063B7232229648B00D0043D /* Resources */ = {
			isa = PBXResourcesBuildPhase;
			buildActionMask = 2147483647;
			files = (
				7063B72D2229648C00D0043D /* Assets.xcassets in Resources */,
				7063B7302229648C00D0043D /* Main.storyboard in Resources */,
				705A9A412232A1D000A31C4D /* blank.wav in Resources */,
			);
			runOnlyForDeploymentPostprocessing = 0;
		};
/* End PBXResourcesBuildPhase section */

/* Begin PBXShellScriptBuildPhase section */
		2784E9578C7D0DB9281DA137 /* [CP] Check Pods Manifest.lock */ = {
			isa = PBXShellScriptBuildPhase;
			buildActionMask = 2147483647;
			files = (
			);
			inputPaths = (
				"${PODS_PODFILE_DIR_PATH}/Podfile.lock",
				"${PODS_ROOT}/Manifest.lock",
			);
			name = "[CP] Check Pods Manifest.lock";
			outputPaths = (
				"$(DERIVED_FILE_DIR)/Pods-Pronunciation Generator-checkManifestLockResult.txt",
			);
			runOnlyForDeploymentPostprocessing = 0;
			shellPath = /bin/sh;
			shellScript = "diff \"${PODS_PODFILE_DIR_PATH}/Podfile.lock\" \"${PODS_ROOT}/Manifest.lock\" > /dev/null\nif [ $? != 0 ] ; then\n    # print error to STDERR\n    echo \"error: The sandbox is not in sync with the Podfile.lock. Run 'pod install' or update your CocoaPods installation.\" >&2\n    exit 1\nfi\n# This output is used by Xcode 'outputs' to avoid re-running this script phase.\necho \"SUCCESS\" > \"${SCRIPT_OUTPUT_FILE_0}\"\n";
			showEnvVarsInLog = 0;
		};
		4642693B1B4666B11D8D2FD0 /* [CP] Embed Pods Frameworks */ = {
			isa = PBXShellScriptBuildPhase;
			buildActionMask = 2147483647;
			files = (
			);
			inputPaths = (
				"${SRCROOT}/Pods/Target Support Files/Pods-Pronunciation Generator/Pods-Pronunciation Generator-frameworks.sh",
				"${BUILT_PRODUCTS_DIR}/Alamofire/Alamofire.framework",
				"${BUILT_PRODUCTS_DIR}/Keys/Keys.framework",
				"${BUILT_PRODUCTS_DIR}/Moya/Moya.framework",
				"${BUILT_PRODUCTS_DIR}/Result/Result.framework",
			);
			name = "[CP] Embed Pods Frameworks";
			outputPaths = (
				"${TARGET_BUILD_DIR}/${FRAMEWORKS_FOLDER_PATH}/Alamofire.framework",
				"${TARGET_BUILD_DIR}/${FRAMEWORKS_FOLDER_PATH}/Keys.framework",
				"${TARGET_BUILD_DIR}/${FRAMEWORKS_FOLDER_PATH}/Moya.framework",
				"${TARGET_BUILD_DIR}/${FRAMEWORKS_FOLDER_PATH}/Result.framework",
			);
			runOnlyForDeploymentPostprocessing = 0;
			shellPath = /bin/sh;
			shellScript = "\"${SRCROOT}/Pods/Target Support Files/Pods-Pronunciation Generator/Pods-Pronunciation Generator-frameworks.sh\"\n";
			showEnvVarsInLog = 0;
		};
/* End PBXShellScriptBuildPhase section */

/* Begin PBXSourcesBuildPhase section */
		7063B7212229648B00D0043D /* Sources */ = {
			isa = PBXSourcesBuildPhase;
			buildActionMask = 2147483647;
			files = (
				70167DA72232BC830069F016 /* Learner'sDictionary.swift in Sources */,
				7063B73922296BEC00D0043D /* Audio.swift in Sources */,
				7063B72B2229648B00D0043D /* ViewController.swift in Sources */,
				7063B73B222970ED00D0043D /* Network.swift in Sources */,
				709AE9C62229FB130072A2F9 /* URL+Temporary.swift in Sources */,
				70167DA52232BAA90069F016 /* CollegiateDictionary.swift in Sources */,
				7063B7292229648B00D0043D /* AppDelegate.swift in Sources */,
			);
			runOnlyForDeploymentPostprocessing = 0;
		};
/* End PBXSourcesBuildPhase section */

/* Begin PBXVariantGroup section */
		7063B72E2229648C00D0043D /* Main.storyboard */ = {
			isa = PBXVariantGroup;
			children = (
				7063B72F2229648C00D0043D /* Base */,
			);
			name = Main.storyboard;
			sourceTree = "<group>";
		};
/* End PBXVariantGroup section */

/* Begin XCBuildConfiguration section */
		7063B7332229648C00D0043D /* Debug */ = {
			isa = XCBuildConfiguration;
			buildSettings = {
				ALWAYS_SEARCH_USER_PATHS = NO;
				CLANG_ANALYZER_NONNULL = YES;
				CLANG_ANALYZER_NUMBER_OBJECT_CONVERSION = YES_AGGRESSIVE;
				CLANG_CXX_LANGUAGE_STANDARD = "gnu++14";
				CLANG_CXX_LIBRARY = "libc++";
				CLANG_ENABLE_MODULES = YES;
				CLANG_ENABLE_OBJC_ARC = YES;
				CLANG_ENABLE_OBJC_WEAK = YES;
				CLANG_WARN_BLOCK_CAPTURE_AUTORELEASING = YES;
				CLANG_WARN_BOOL_CONVERSION = YES;
				CLANG_WARN_COMMA = YES;
				CLANG_WARN_CONSTANT_CONVERSION = YES;
				CLANG_WARN_DEPRECATED_OBJC_IMPLEMENTATIONS = YES;
				CLANG_WARN_DIRECT_OBJC_ISA_USAGE = YES_ERROR;
				CLANG_WARN_DOCUMENTATION_COMMENTS = YES;
				CLANG_WARN_EMPTY_BODY = YES;
				CLANG_WARN_ENUM_CONVERSION = YES;
				CLANG_WARN_INFINITE_RECURSION = YES;
				CLANG_WARN_INT_CONVERSION = YES;
				CLANG_WARN_NON_LITERAL_NULL_CONVERSION = YES;
				CLANG_WARN_OBJC_IMPLICIT_RETAIN_SELF = YES;
				CLANG_WARN_OBJC_LITERAL_CONVERSION = YES;
				CLANG_WARN_OBJC_ROOT_CLASS = YES_ERROR;
				CLANG_WARN_RANGE_LOOP_ANALYSIS = YES;
				CLANG_WARN_STRICT_PROTOTYPES = YES;
				CLANG_WARN_SUSPICIOUS_MOVE = YES;
				CLANG_WARN_UNGUARDED_AVAILABILITY = YES_AGGRESSIVE;
				CLANG_WARN_UNREACHABLE_CODE = YES;
				CLANG_WARN__DUPLICATE_METHOD_MATCH = YES;
				CODE_SIGN_IDENTITY = "Mac Developer";
				COPY_PHASE_STRIP = NO;
				DEBUG_INFORMATION_FORMAT = dwarf;
				ENABLE_STRICT_OBJC_MSGSEND = YES;
				ENABLE_TESTABILITY = YES;
				GCC_C_LANGUAGE_STANDARD = gnu11;
				GCC_DYNAMIC_NO_PIC = NO;
				GCC_NO_COMMON_BLOCKS = YES;
				GCC_OPTIMIZATION_LEVEL = 0;
				GCC_PREPROCESSOR_DEFINITIONS = (
					"DEBUG=1",
					"$(inherited)",
				);
				GCC_WARN_64_TO_32_BIT_CONVERSION = YES;
				GCC_WARN_ABOUT_RETURN_TYPE = YES_ERROR;
				GCC_WARN_UNDECLARED_SELECTOR = YES;
				GCC_WARN_UNINITIALIZED_AUTOS = YES_AGGRESSIVE;
				GCC_WARN_UNUSED_FUNCTION = YES;
				GCC_WARN_UNUSED_VARIABLE = YES;
				MACOSX_DEPLOYMENT_TARGET = 10.14;
				MTL_ENABLE_DEBUG_INFO = INCLUDE_SOURCE;
				MTL_FAST_MATH = YES;
				ONLY_ACTIVE_ARCH = YES;
				SDKROOT = macosx;
				SWIFT_ACTIVE_COMPILATION_CONDITIONS = DEBUG;
				SWIFT_OPTIMIZATION_LEVEL = "-Onone";
			};
			name = Debug;
		};
		7063B7342229648C00D0043D /* Release */ = {
			isa = XCBuildConfiguration;
			buildSettings = {
				ALWAYS_SEARCH_USER_PATHS = NO;
				CLANG_ANALYZER_NONNULL = YES;
				CLANG_ANALYZER_NUMBER_OBJECT_CONVERSION = YES_AGGRESSIVE;
				CLANG_CXX_LANGUAGE_STANDARD = "gnu++14";
				CLANG_CXX_LIBRARY = "libc++";
				CLANG_ENABLE_MODULES = YES;
				CLANG_ENABLE_OBJC_ARC = YES;
				CLANG_ENABLE_OBJC_WEAK = YES;
				CLANG_WARN_BLOCK_CAPTURE_AUTORELEASING = YES;
				CLANG_WARN_BOOL_CONVERSION = YES;
				CLANG_WARN_COMMA = YES;
				CLANG_WARN_CONSTANT_CONVERSION = YES;
				CLANG_WARN_DEPRECATED_OBJC_IMPLEMENTATIONS = YES;
				CLANG_WARN_DIRECT_OBJC_ISA_USAGE = YES_ERROR;
				CLANG_WARN_DOCUMENTATION_COMMENTS = YES;
				CLANG_WARN_EMPTY_BODY = YES;
				CLANG_WARN_ENUM_CONVERSION = YES;
				CLANG_WARN_INFINITE_RECURSION = YES;
				CLANG_WARN_INT_CONVERSION = YES;
				CLANG_WARN_NON_LITERAL_NULL_CONVERSION = YES;
				CLANG_WARN_OBJC_IMPLICIT_RETAIN_SELF = YES;
				CLANG_WARN_OBJC_LITERAL_CONVERSION = YES;
				CLANG_WARN_OBJC_ROOT_CLASS = YES_ERROR;
				CLANG_WARN_RANGE_LOOP_ANALYSIS = YES;
				CLANG_WARN_STRICT_PROTOTYPES = YES;
				CLANG_WARN_SUSPICIOUS_MOVE = YES;
				CLANG_WARN_UNGUARDED_AVAILABILITY = YES_AGGRESSIVE;
				CLANG_WARN_UNREACHABLE_CODE = YES;
				CLANG_WARN__DUPLICATE_METHOD_MATCH = YES;
				CODE_SIGN_IDENTITY = "Mac Developer";
				COPY_PHASE_STRIP = NO;
				DEBUG_INFORMATION_FORMAT = "dwarf-with-dsym";
				ENABLE_NS_ASSERTIONS = NO;
				ENABLE_STRICT_OBJC_MSGSEND = YES;
				GCC_C_LANGUAGE_STANDARD = gnu11;
				GCC_NO_COMMON_BLOCKS = YES;
				GCC_WARN_64_TO_32_BIT_CONVERSION = YES;
				GCC_WARN_ABOUT_RETURN_TYPE = YES_ERROR;
				GCC_WARN_UNDECLARED_SELECTOR = YES;
				GCC_WARN_UNINITIALIZED_AUTOS = YES_AGGRESSIVE;
				GCC_WARN_UNUSED_FUNCTION = YES;
				GCC_WARN_UNUSED_VARIABLE = YES;
				MACOSX_DEPLOYMENT_TARGET = 10.14;
				MTL_ENABLE_DEBUG_INFO = NO;
				MTL_FAST_MATH = YES;
				SDKROOT = macosx;
				SWIFT_COMPILATION_MODE = wholemodule;
				SWIFT_OPTIMIZATION_LEVEL = "-O";
			};
			name = Release;
		};
		7063B7362229648C00D0043D /* Debug */ = {
			isa = XCBuildConfiguration;
			baseConfigurationReference = AFE44CD2145EE061FDAE542E /* Pods-Pronunciation Generator.debug.xcconfig */;
			buildSettings = {
				ASSETCATALOG_COMPILER_APPICON_NAME = AppIcon;
				CODE_SIGN_ENTITLEMENTS = "Pronunciation Generator/Pronunciation Generator.entitlements";
				CODE_SIGN_IDENTITY = "Mac Developer";
				CODE_SIGN_STYLE = Automatic;
				COMBINE_HIDPI_IMAGES = YES;
				DEVELOPMENT_TEAM = DW6LLX6LVE;
				INFOPLIST_FILE = "Pronunciation Generator/Info.plist";
				LD_RUNPATH_SEARCH_PATHS = (
					"$(inherited)",
					"@executable_path/../Frameworks",
				);
				PRODUCT_BUNDLE_IDENTIFIER = "tech.TCWQ.Pronunciation-Generator";
				PRODUCT_NAME = "$(TARGET_NAME)";
				PROVISIONING_PROFILE_SPECIFIER = "";
				SWIFT_VERSION = 4.2;
			};
			name = Debug;
		};
		7063B7372229648C00D0043D /* Release */ = {
			isa = XCBuildConfiguration;
			baseConfigurationReference = 2F6EFD0A462642B7833AB44D /* Pods-Pronunciation Generator.release.xcconfig */;
			buildSettings = {
				ASSETCATALOG_COMPILER_APPICON_NAME = AppIcon;
				CODE_SIGN_ENTITLEMENTS = "Pronunciation Generator/Pronunciation Generator.entitlements";
				CODE_SIGN_IDENTITY = "Mac Developer";
				CODE_SIGN_STYLE = Automatic;
				COMBINE_HIDPI_IMAGES = YES;
				DEVELOPMENT_TEAM = DW6LLX6LVE;
				INFOPLIST_FILE = "Pronunciation Generator/Info.plist";
				LD_RUNPATH_SEARCH_PATHS = (
					"$(inherited)",
					"@executable_path/../Frameworks",
				);
				PRODUCT_BUNDLE_IDENTIFIER = "tech.TCWQ.Pronunciation-Generator";
				PRODUCT_NAME = "$(TARGET_NAME)";
				PROVISIONING_PROFILE_SPECIFIER = "";
				SWIFT_VERSION = 4.2;
			};
			name = Release;
		};
/* End XCBuildConfiguration section */

/* Begin XCConfigurationList section */
		7063B7202229648B00D0043D /* Build configuration list for PBXProject "Pronunciation Generator" */ = {
			isa = XCConfigurationList;
			buildConfigurations = (
				7063B7332229648C00D0043D /* Debug */,
				7063B7342229648C00D0043D /* Release */,
			);
			defaultConfigurationIsVisible = 0;
			defaultConfigurationName = Release;
		};
		7063B7352229648C00D0043D /* Build configuration list for PBXNativeTarget "Pronunciation Generator" */ = {
			isa = XCConfigurationList;
			buildConfigurations = (
				7063B7362229648C00D0043D /* Debug */,
				7063B7372229648C00D0043D /* Release */,
			);
			defaultConfigurationIsVisible = 0;
			defaultConfigurationName = Release;
		};
/* End XCConfigurationList section */
	};
	rootObject = 7063B71D2229648B00D0043D /* Project object */;
}
